
Microsoft Visual Studio Solution File, Format Version 12.00
# Visual Studio Version 17
VisualStudioVersion = 17.11.35431.28
MinimumVisualStudioVersion = 10.0.40219.1
Project("{9A19103F-16F7-4668-BE54-9A1E7A4F7556}") = "WebAppTestDeveloper", "WebAppTestDeveloper\WebAppTestDeveloper.csproj", "{6ABC278D-66F8-4743-A254-DB9857404C56}"
EndProject
Project("{FAE04EC0-301F-11D3-BF4B-00C04F79EFBC}") = "TD-BAL", "TD-BAL\TD-BAL.csproj", "{D53EF179-D573-43B0-97EC-E8DB5B8D79A5}"
EndProject
Global
	GlobalSection(SolutionConfigurationPlatforms) = preSolution
		Debug|Any CPU = Debug|Any CPU
		Release|Any CPU = Release|Any CPU
	EndGlobalSection
	GlobalSection(ProjectConfigurationPlatforms) = postSolution
		{6ABC278D-66F8-4743-A254-DB9857404C56}.Debug|Any CPU.ActiveCfg = Debug|Any CPU
		{6ABC278D-66F8-4743-A254-DB9857404C56}.Debug|Any CPU.Build.0 = Debug|Any CPU
		{6ABC278D-66F8-4743-A254-DB9857404C56}.Release|Any CPU.ActiveCfg = Release|Any CPU
		{6ABC278D-66F8-4743-A254-DB9857404C56}.Release|Any CPU.Build.0 = Release|Any CPU
		{D53EF179-D573-43B0-97EC-E8DB5B8D79A5}.Debug|Any CPU.ActiveCfg = Debug|Any CPU
		{D53EF179-D573-43B0-97EC-E8DB5B8D79A5}.Debug|Any CPU.Build.0 = Debug|Any CPU
		{D53EF179-D573-43B0-97EC-E8DB5B8D79A5}.Release|Any CPU.ActiveCfg = Release|Any CPU
		{D53EF179-D573-43B0-97EC-E8DB5B8D79A5}.Release|Any CPU.Build.0 = Release|Any CPU
	EndGlobalSection
	GlobalSection(SolutionProperties) = preSolution
		HideSolutionNode = FALSE
	EndGlobalSection
	GlobalSection(ExtensibilityGlobals) = postSolution
		SolutionGuid = {355D9622-334C-4131-862B-C9AE35782B4B}
	EndGlobalSection
EndGlobal
